{
  "lockfileVersion": 2,
  "configVersion": 1,
  "workspaces": {
    "": {
      "name": "@pullexai/sentinel-subnet",
      "dependencies": {
        "@polkadot/util-crypto": "14.0.3",
      },
      "devDependencies": {
        "@types/bun": "1.4.2",
        "typescript": "7.0.2",
      },
    },
  },
  "packages": {
    "@noble/curves": ["@noble/curves@1.9.7", "", { "dependencies": { "@noble/hashes": "1.8.0" } }, "sha512-gbKGcRUYIjA3/zCCNaWDciTMFI0dCkvou3TL8Zmy5Nc7sJ47a0jtOeZoTaMxkuqRo9cRhjOdZJXegxYE5FN/xw=="],

    "@noble/hashes": ["@noble/hashes@1.8.0", "", {}, "sha512-jCs9ldd7NwzpgXDIf6P3+NrHh9/sD6CQdxHyjQI+h/6rDNo88ypBxxz45UDuZHz9r3tNz7N/VInSVoVdtXEI4A=="],

    "@polkadot/networks": ["@polkadot/networks@14.0.3", "", { "dependencies": { "@polkadot/util": "14.0.3", "@substrate/ss58-registry": "^1.51.0", "tslib": "^2.8.0" } }, "sha512-/VqTLUDn+Wm8S2L/yaGFddo3oW4vRYav0Rg4pLg/semMZLaN8PJ6h927ucn9JyWdH82QfZfyiIPORt0ZF3isyw=="],

    "@polkadot/util": ["@polkadot/util@14.0.3", "", { "dependencies": { "@polkadot/x-bigint": "14.0.3", "@polkadot/x-global": "14.0.3", "@polkadot/x-textdecoder": "14.0.3", "@polkadot/x-textencoder": "14.0.3", "@types/bn.js": "^5.1.6", "bn.js": "^5.2.1", "tslib": "^2.8.0" } }, "sha512-mg1NR7ixHlNiz2zbvdcdy1OXZmca2tVA4DpewGpY/qFkW/gq9HdDrHLu7g0k90QnunDcFW4emb7NB60sGJQ0bw=="],

    "@polkadot/util-crypto": ["@polkadot/util-crypto@14.0.3", "", { "dependencies": { "@noble/curves": "^1.3.0", "@noble/hashes": "^1.3.3", "@polkadot/networks": "14.0.3", "@polkadot/util": "14.0.3", "@polkadot/wasm-crypto": "^7.5.3", "@polkadot/wasm-util": "^7.5.3", "@polkadot/x-bigint": "14.0.3", "@polkadot/x-randomvalues": "14.0.3", "@scure/base": "^1.1.7", "@scure/sr25519": "^0.2.0", "tslib": "^2.8.0" } }, "sha512-V00BI6XnZLCkrAmV8uN0eSB6fy48CkxdDZT29cgSMSwHPtY6oKUNgd1ST07PGCL5x8XflwjoA7CTlhdbp1Y9gw=="],

    "@polkadot/wasm-bridge": ["@polkadot/wasm-bridge@7.5.4", "", { "dependencies": { "@polkadot/wasm-util": "7.5.4", "tslib": "^2.7.0" }, "peerDependencies": { "@polkadot/util": "*", "@polkadot/x-randomvalues": "*" } }, "sha512-6xaJVvoZbnbgpQYXNw9OHVNWjXmtcoPcWh7hlwx3NpfiLkkjljj99YS+XGZQlq7ks2fVCg7FbfknkNb8PldDaA=="],

    "@polkadot/wasm-crypto": ["@polkadot/wasm-crypto@7.5.4", "", { "dependencies": { "@polkadot/wasm-bridge": "7.5.4", "@polkadot/wasm-crypto-asmjs": "7.5.4", "@polkadot/wasm-crypto-init": "7.5.4", "@polkadot/wasm-crypto-wasm": "7.5.4", "@polkadot/wasm-util": "7.5.4", "tslib": "^2.7.0" }, "peerDependencies": { "@polkadot/util": "*", "@polkadot/x-randomvalues": "*" } }, "sha512-1seyClxa7Jd7kQjfnCzTTTfYhTa/KUTDUaD3DMHBk5Q4ZUN1D1unJgX+v1aUeXSPxmzocdZETPJJRZjhVOqg9g=="],

    "@polkadot/wasm-crypto-asmjs": ["@polkadot/wasm-crypto-asmjs@7.5.4", "", { "dependencies": { "tslib": "^2.7.0" }, "peerDependencies": { "@polkadot/util": "*" } }, "sha512-ZYwxQHAJ8pPt6kYk9XFmyuFuSS+yirJLonvP+DYbxOrARRUHfN4nzp4zcZNXUuaFhpbDobDSFn6gYzye6BUotA=="],

    "@polkadot/wasm-crypto-init": ["@polkadot/wasm-crypto-init@7.5.4", "", { "dependencies": { "@polkadot/wasm-bridge": "7.5.4", "@polkadot/wasm-crypto-asmjs": "7.5.4", "@polkadot/wasm-crypto-wasm": "7.5.4", "@polkadot/wasm-util": "7.5.4", "tslib": "^2.7.0" }, "peerDependencies": { "@polkadot/util": "*", "@polkadot/x-randomvalues": "*" } }, "sha512-U6s4Eo2rHs2n1iR01vTz/sOQ7eOnRPjaCsGWhPV+ZC/20hkVzwPAhiizu/IqMEol4tO2yiSheD4D6bn0KxUJhg=="],

    "@polkadot/wasm-crypto-wasm": ["@polkadot/wasm-crypto-wasm@7.5.4", "", { "dependencies": { "@polkadot/wasm-util": "7.5.4", "tslib": "^2.7.0" }, "peerDependencies": { "@polkadot/util": "*" } }, "sha512-PsHgLsVTu43eprwSvUGnxybtOEuHPES6AbApcs7y5ZbM2PiDMzYbAjNul098xJK/CPtrxZ0ePDFnaQBmIJyTFw=="],

    "@polkadot/wasm-util": ["@polkadot/wasm-util@7.5.4", "", { "dependencies": { "tslib": "^2.7.0" }, "peerDependencies": { "@polkadot/util": "*" } }, "sha512-hqPpfhCpRAqCIn/CYbBluhh0TXmwkJnDRjxrU9Bnqtw9nMNa97D8JuOjdd2pi0rxm+eeLQ/f1rQMp71RMM9t4w=="],

    "@polkadot/x-bigint": ["@polkadot/x-bigint@14.0.3", "", { "dependencies": { "@polkadot/x-global": "14.0.3", "tslib": "^2.8.0" } }, "sha512-U0al6BKgldFrEbmSObRAlzv9VDs5SMa/rbvZKvvkVec0sWTzYPWQZU1ZC/biXLYdjdKML89BeuCKmXZtCcGhUQ=="],

    "@polkadot/x-global": ["@polkadot/x-global@14.0.3", "", { "dependencies": { "tslib": "^2.8.0" } }, "sha512-MzMEynJ7HMTy/plLmdyP8rv14RS/6s29HZodUG9aCOscBnEiEDxVEax/ztRJqxhhQuHeYdx0LYDwVbdQDTkqNw=="],

    "@polkadot/x-randomvalues": ["@polkadot/x-randomvalues@14.0.3", "", { "dependencies": { "@polkadot/x-global": "14.0.3", "tslib": "^2.8.0" }, "peerDependencies": { "@polkadot/util": "14.0.3", "@polkadot/wasm-util": "*" } }, "sha512-qTPcrk0nIHL2tIu5e0cLj3puQvjCK7onehnqO2fvlmWeIlvDel66fwWs06Ipsib+CwLJdmE6WgNy+8Jv74r6YA=="],

    "@polkadot/x-textdecoder": ["@polkadot/x-textdecoder@14.0.3", "", { "dependencies": { "@polkadot/x-global": "14.0.3", "tslib": "^2.8.0" } }, "sha512-4RJYDG00iUzQ7YAuS/yvkWRZlkjYU8PUNdJHRfqtJ+SjrSPB7LYYxFhLgw43TZUtHmIueNTsml2Ukv3xXTr2kA=="],

    "@polkadot/x-textencoder": ["@polkadot/x-textencoder@14.0.3", "", { "dependencies": { "@polkadot/x-global": "14.0.3", "tslib": "^2.8.0" } }, "sha512-9HH6o2L+r99wEfXhPb5g+Xwn7qouqD32PsMux7B0dFGR2KNqP4KwO19Hu+gdij6wsEhy7delhZwzHenrWwDfhQ=="],

    "@scure/base": ["@scure/base@1.2.6", "", {}, "sha512-g/nm5FgUa//MCj1gV09zTJTaM6KBAHqLN907YVQqf7zC49+DcO4B1so4ZX07Ef10Twr6nuqYEH9GEggFXA4Fmg=="],

    "@scure/sr25519": ["@scure/sr25519@0.2.0", "", { "dependencies": { "@noble/curves": "~1.9.2", "@noble/hashes": "~1.8.0" } }, "sha512-uUuLP7Z126XdSizKtrCGqYyR3b3hYtJ6Fg/XFUXmc2//k2aXHDLqZwFeXxL97gg4XydPROPVnuaHGF2+xriSKg=="],

    "@substrate/ss58-registry": ["@substrate/ss58-registry@1.51.0", "", {}, "sha512-TWDurLiPxndFgKjVavCniytBIw+t4ViOi7TYp9h/D0NMmkEc9klFTo+827eyEJ0lELpqO207Ey7uGxUa+BS1jQ=="],

    "@types/bn.js": ["@types/bn.js@5.2.0", "", { "dependencies": { "@types/node": "*" } }, "sha512-DLbJ1BPqxvQhIGbeu8VbUC1DiAiahHtAYvA0ZEAa4P31F7IaArc8z3C3BRQdWX4mtLQuABG4yzp76ZrS02Ui1Q=="],

    "@types/bun": ["@types/bun@1.4.2", "", { "dependencies": { "bun-types": "1.4.2" } }, "sha512-GimotNn7+ZV0uVArItBbriZsR1oNf0+WTzPkdcFrzShI7k2norL0uzEaJT8T33dWr7O/c9ZDuAFQrctKCi72oQ=="],

    "@types/node": ["@types/node@26.6.3", "", { "dependencies": { "undici-types": "~8.9.0" } }, "sha512-dsqMQQoeTLqu9wynDD00q573mNzso3IdQOAfHRJqLCcmCFPoGo9A1bDpUcv/9tnKpErQWv9uKeGfl37EIS02Yg=="],

    "@typescript/typescript-aix-ppc64": ["@typescript/typescript-aix-ppc64@7.0.2", "", { "os": "aix", "cpu": "ppc64" }, "sha512-MTKKkWB7p/0E9xi1d1tHtZ5PiLkGEMIq88pK2CubZjOsLtYTLqhgIgi6zepFa+9GHZ6h05NMCkQxGKiPXMxXtQ=="],

    "@typescript/typescript-darwin-arm64": ["@typescript/typescript-darwin-arm64@7.0.2", "", { "os": "darwin", "cpu": "arm64" }, "sha512-gowzar9MwS/aRWp6f3a4KUqzRjAZjOsmGNCM6LcTgXum+dBfgsBVMN+AgvOCCbguXyick6LJhpBszxMebJ8syA=="],

    "@typescript/typescript-darwin-x64": ["@typescript/typescript-darwin-x64@7.0.2", "", { "os": "darwin", "cpu": "x64" }, "sha512-SZ9xZInqApNlNGc9s0W1VSsktYSOe9cFqNOIqmN1Gs8SmkjKZYFt017G4VwPxASInODuAdbTW7sXiFUf893RgA=="],

    "@typescript/typescript-freebsd-arm64": ["@typescript/typescript-freebsd-arm64@7.0.2", "", { "os": "freebsd", "cpu": "arm64" }, "sha512-W5NH4y/J0plIIS5b2xvTEkU7JFxyqdMAOgf+Ilhl0vHQXKO5dZoxd+C/jEtq56c4F3wk71RB4BMRQ2XdI+bwYQ=="],

    "@typescript/typescript-freebsd-x64": ["@typescript/typescript-freebsd-x64@7.0.2", "", { "os": "freebsd", "cpu": "x64" }, "sha512-UMGDx5sTpzNw3WiPebH7l90IWfJggEd+egHt/q6p7/Cm3zqoV7VxkGXt+3DxPIw8CcmvAB0j3sVVfbhX+M4Tpw=="],

    "@typescript/typescript-linux-arm": ["@typescript/typescript-linux-arm@7.0.2", "", { "os": "linux", "cpu": "arm" }, "sha512-gffT3xPz9sR7j/YJExkyPntrI0P2EP9XbOyWzth2/Gs0RstK+90RBcO0ncXoXy/beYll1SXw846Nf2zdnEz0QQ=="],

    "@typescript/typescript-linux-arm64": ["@typescript/typescript-linux-arm64@7.0.2", "", { "os": "linux", "cpu": "arm64" }, "sha512-Qh4eU4/y3yDjnfjjyPYihMj5/ODIlmt+Bzu17OI+fiSRDW57QmU5SiN63exPRNJPKUzcc1INa1NXdrJ+MqHjUQ=="],

    "@typescript/typescript-linux-loong64": ["@typescript/typescript-linux-loong64@7.0.2", "", { "os": "linux", "cpu": "none" }, "sha512-uEHck9i8hoAzXPiYRib1O7miOnz23SxIeVl6F4LXox+qov1K35jHcEW6VHKvZI+pyvl7fZEP4MCU5LYvIq1GuQ=="],

    "@typescript/typescript-linux-mips64el": ["@typescript/typescript-linux-mips64el@7.0.2", "", { "os": "linux", "cpu": "none" }, "sha512-R4KvAMnE43W5Qeqb0Ly56O3mWMWIAgsMyz36DCaycd5nbg/9kzm0liw3JocfRqyJY0KPmzFjbswozXyW0DnIYA=="],

    "@typescript/typescript-linux-ppc64": ["@typescript/typescript-linux-ppc64@7.0.2", "", { "os": "linux", "cpu": "ppc64" }, "sha512-DORx5b3sd/4S7eayxm4FQv+A7CrkUIGRaHiwI8oiHTAI1fAPWhF4J0vAlkC8biAlHSVVwxMQ3tjZ2/DVbnQiiA=="],

    "@typescript/typescript-linux-riscv64": ["@typescript/typescript-linux-riscv64@7.0.2", "", { "os": "linux", "cpu": "none" }, "sha512-wf0jqEDOjrPRnKwYRyyJDRo11KMbvMFrU+q4zqKyChODBzvlkbhNQfKvLxQCcwTpdDaXSHZTVuh0JoCrKCUMHQ=="],

    "@typescript/typescript-linux-s390x": ["@typescript/typescript-linux-s390x@7.0.2", "", { "os": "linux", "cpu": "s390x" }, "sha512-IkwJc3L7yhytWd/ewjyxNDfOmswCm9GWMJT/ue/dU4aZNbwZeYAetq42VyLmsmSjvoX7z74X6ZaYCtzAr0EuGw=="],

    "@typescript/typescript-linux-x64": ["@typescript/typescript-linux-x64@7.0.2", "", { "os": "linux", "cpu": "x64" }, "sha512-EYdf2cNg7rgCWJnxCdJ+F3V39O8ihb37eHAu1LK8oAFizgTQbPOK7zHHXbPt8rX24COqODXeI3sIf0fCXG7H/A=="],

    "@typescript/typescript-netbsd-arm64": ["@typescript/typescript-netbsd-arm64@7.0.2", "", { "os": "none", "cpu": "arm64" }, "sha512-+polYF4MF04aPpO5FTkHran9yUQDSXqy5GiSDKpsll5jy3l3+g9QLhpf39T+ePtefhXLOGrLl0QIjkQP6VnelA=="],

    "@typescript/typescript-netbsd-x64": ["@typescript/typescript-netbsd-x64@7.0.2", "", { "os": "none", "cpu": "x64" }, "sha512-8YIT0EHM/3dq10ZOVF/A7pc/YSMtbcecct4rWtexrnSCHOPcpC2KTLXfTCR6vDpnSiY12heNb1GiN/wu+T/FyA=="],

    "@typescript/typescript-openbsd-arm64": ["@typescript/typescript-openbsd-arm64@7.0.2", "", { "os": "openbsd", "cpu": "arm64" }, "sha512-APT8+ClYnuYm1u9+kgGXoMj2VzWzcymwh2gNSQVySHfkRDGOTVkoWLjCmOQSaO+PoqQ57B0flRp9SA+7GnnkzQ=="],

    "@typescript/typescript-openbsd-x64": ["@typescript/typescript-openbsd-x64@7.0.2", "", { "os": "openbsd", "cpu": "x64" }, "sha512-yX7s+Q0Dln0Dt9tEzZsAjXXR/+ytBM7AlglaqyeMPxQszJ1JhlJdZ6jLA+IzldHtflX81em7lDao1xXu+aRRkg=="],

    "@typescript/typescript-sunos-x64": ["@typescript/typescript-sunos-x64@7.0.2", "", { "os": "sunos", "cpu": "x64" }, "sha512-dLJDGaLZ1D4HPQn62u1n8mBDkJREwMsAkCdkwd4Ieqw+x3TUyTsqY0YiBCtE6H6OzzgGk3iuZ3vFWRS+E8/d1g=="],

    "@typescript/typescript-win32-arm64": ["@typescript/typescript-win32-arm64@7.0.2", "", { "os": "win32", "cpu": "arm64" }, "sha512-Gyl1Vy6OsWesLzmq+EP0Fb7b4Nid5232AvcA2SFcdYreldpNtYFFofPjnt62y9hQy7VTaZp65ICJjuAQRaVcIQ=="],

    "@typescript/typescript-win32-x64": ["@typescript/typescript-win32-x64@7.0.2", "", { "os": "win32", "cpu": "x64" }, "sha512-0BQ3HkAHHlKLSp1qRvf3SUhGpGsDuhB/jgFw75guyqbxJqEaS0Cw/VFO8i2nHglJUzQCRtMMR/IBAKE3ETMC4g=="],

    "bn.js": ["bn.js@5.2.5", "", {}, "sha512-Vq886eXykuP5E6HcKSSStP3bJgrE6In5WKxVUvJ8XGpWWYs2xZHWqUwzCtGgEtBcxyd57KBFDPFoUfNzdaHCNg=="],

    "bun-types": ["bun-types@1.4.2", "", { "dependencies": { "@types/node": "*" } }, "sha512-bxV1FgK7yBIzjRe5zBozIM4Bem11ZJcCXSrjWRG3YWLt8yFDePu4cLjpebO8OvPeIE9trbyPF4fuj3Cia4Fj3w=="],

    "tslib": ["tslib@2.8.1", "", {}, "sha512-oJFu94HQb+KVduSUQL7wnpmqnfmLsOA/nAh6b6EH0wCEoK0/mPeXU6c3wKDV83MkOuHPRHtSXKKU99IBazS/2w=="],

    "typescript": ["typescript@7.0.2", "", { "optionalDependencies": { "@typescript/typescript-aix-ppc64": "7.0.2", "@typescript/typescript-darwin-arm64": "7.0.2", "@typescript/typescript-darwin-x64": "7.0.2", "@typescript/typescript-freebsd-arm64": "7.0.2", "@typescript/typescript-freebsd-x64": "7.0.2", "@typescript/typescript-linux-arm": "7.0.2", "@typescript/typescript-linux-arm64": "7.0.2", "@typescript/typescript-linux-loong64": "7.0.2", "@typescript/typescript-linux-mips64el": "7.0.2", "@typescript/typescript-linux-ppc64": "7.0.2", "@typescript/typescript-linux-riscv64": "7.0.2", "@typescript/typescript-linux-s390x": "7.0.2", "@typescript/typescript-linux-x64": "7.0.2", "@typescript/typescript-netbsd-arm64": "7.0.2", "@typescript/typescript-netbsd-x64": "7.0.2", "@typescript/typescript-openbsd-arm64": "7.0.2", "@typescript/typescript-openbsd-x64": "7.0.2", "@typescript/typescript-sunos-x64": "7.0.2", "@typescript/typescript-win32-arm64": "7.0.2", "@typescript/typescript-win32-x64": "7.0.2" }, "bin": { "tsc": "bin/tsc" } }, "sha512-8FYau96o3NKOhbjKi/qNvG/W5jhzxkbdm5sj9AbZ/5T5sWqn3hJgLfGx27sRKZWTvyzCP8dLRBTf5tBTSRVUNA=="],

    "undici-types": ["undici-types@8.9.0", "", {}, "sha512-KTDyRTYX8sWmKXAikPHHSyc63CRPETMctyjKFupcC6OBLXT3xsN0e9aF7m+mIXutFWpUXuedtowG7iLOzp0kQg=="],
  }
}
